github.com/bxcodec/faker/v3 v3.8.0 h1:F59Qqnsh0BOtZRC+c4cXoB/VNYDMS3R5mlSpxIap1oU=
github.com/bxcodec/faker/v3 v3.8.0/go.mod h1:gF31YgnMSMKgkvl+fyEo1xuSMbEuieyqfeslGYFjneM=
github.com/pkg/errors v0.9.1 h1:FEBLx1zS214owpjy7qsBeixbURkuhQAwrK5UwLGTwt4=
github.com/pkg/errors v0.9.1/go.mod h1:bwawxfHBFNV+L2hUp1rHADufV3IMtnDRdf1r5NINEl0=
